
Microsoft Visual Studio Solution File, Format Version 12.00
# Visual Studio Version 17
VisualStudioVersion = 17.4.33403.182
MinimumVisualStudioVersion = 10.0.40219.1
Project("{9A19103F-16F7-4668-BE54-9A1E7A4F7556}") = "MyApi.Tests", "MyApi.Tests\MyApi.Tests.csproj", "{250AF4A6-5FF5-42DB-9C92-F3E29FB8DC73}"
EndProject
Project("{FAE04EC0-301F-11D3-BF4B-00C04F79EFBC}") = "MyApi", "MyApi\MyApi.csproj", "{6F1D9D90-816B-411F-922E-556749871BB8}"
EndProject
Global
	GlobalSection(SolutionConfigurationPlatforms) = preSolution
		Debug|Any CPU = Debug|Any CPU
		Release|Any CPU = Release|Any CPU
	EndGlobalSection
	GlobalSection(ProjectConfigurationPlatforms) = postSolution
		{250AF4A6-5FF5-42DB-9C92-F3E29FB8DC73}.Debug|Any CPU.ActiveCfg = Debug|Any CPU
		{250AF4A6-5FF5-42DB-9C92-F3E29FB8DC73}.Debug|Any CPU.Build.0 = Debug|Any CPU
		{250AF4A6-5FF5-42DB-9C92-F3E29FB8DC73}.Release|Any CPU.ActiveCfg = Release|Any CPU
		{250AF4A6-5FF5-42DB-9C92-F3E29FB8DC73}.Release|Any CPU.Build.0 = Release|Any CPU
		{6F1D9D90-816B-411F-922E-556749871BB8}.Debug|Any CPU.ActiveCfg = Debug|Any CPU
		{6F1D9D90-816B-411F-922E-556749871BB8}.Debug|Any CPU.Build.0 = Debug|Any CPU
		{6F1D9D90-816B-411F-922E-556749871BB8}.Release|Any CPU.ActiveCfg = Release|Any CPU
		{6F1D9D90-816B-411F-922E-556749871BB8}.Release|Any CPU.Build.0 = Release|Any CPU
	EndGlobalSection
	GlobalSection(SolutionProperties) = preSolution
		HideSolutionNode = FALSE
	EndGlobalSection
	GlobalSection(ExtensibilityGlobals) = postSolution
		SolutionGuid = {95AD94E9-F656-460D-BE4B-78DDC8E79C6E}
	EndGlobalSection
EndGlobal
